
Microsoft Visual Studio Solution File, Format Version 12.00
# Visual Studio Version 16
VisualStudioVersion = 16.0.30204.135
MinimumVisualStudioVersion = 10.0.40219.1
Project("{FAE04EC0-301F-11D3-BF4B-00C04F79EFBC}") = "TestAmazonSolution", "TestAmazonSolution.csproj", "{7B52704B-CCC1-4F22-8024-FD8BD9462C0E}"
EndProject
Global
	GlobalSection(SolutionConfigurationPlatforms) = preSolution
		Debug|Any CPU = Debug|Any CPU
		Release|Any CPU = Release|Any CPU
	EndGlobalSection
	GlobalSection(ProjectConfigurationPlatforms) = postSolution
		{7B52704B-CCC1-4F22-8024-FD8BD9462C0E}.Debug|Any CPU.ActiveCfg = Debug|Any CPU
		{7B52704B-CCC1-4F22-8024-FD8BD9462C0E}.Debug|Any CPU.Build.0 = Debug|Any CPU
		{7B52704B-CCC1-4F22-8024-FD8BD9462C0E}.Release|Any CPU.ActiveCfg = Release|Any CPU
		{7B52704B-CCC1-4F22-8024-FD8BD9462C0E}.Release|Any CPU.Build.0 = Release|Any CPU
	EndGlobalSection
	GlobalSection(SolutionProperties) = preSolution
		HideSolutionNode = FALSE
	EndGlobalSection
	GlobalSection(ExtensibilityGlobals) = postSolution
		SolutionGuid = {DCE26364-D2DD-4952-A08B-1946020C6E9C}
	EndGlobalSection
EndGlobal
